
Microsoft Visual Studio Solution File, Format Version 12.00
# Visual Studio Version 16
VisualStudioVersion = 16.0.29728.190
MinimumVisualStudioVersion = 10.0.40219.1
Project("{FAE04EC0-301F-11D3-BF4B-00C04F79EFBC}") = "Naos.HubSpot.Domain", "Naos.HubSpot.Domain\Naos.HubSpot.Domain.csproj", "{CD74434E-28F6-48C4-8783-469E965839AC}"
EndProject
Project("{FAE04EC0-301F-11D3-BF4B-00C04F79EFBC}") = "Naos.HubSpot.Domain.Test", "Naos.HubSpot.Domain.Test\Naos.HubSpot.Domain.Test.csproj", "{47B59E9E-E6FE-4CCF-8A14-81F60F6A9AE8}"
EndProject
Project("{FAE04EC0-301F-11D3-BF4B-00C04F79EFBC}") = "Naos.HubSpot.Serialization.Bson", "Naos.HubSpot.Serialization.Bson\Naos.HubSpot.Serialization.Bson.csproj", "{BB8E5B7E-80B8-4BAD-9592-F121A08D12D5}"
EndProject
Project("{FAE04EC0-301F-11D3-BF4B-00C04F79EFBC}") = "Naos.HubSpot.Serialization.Json", "Naos.HubSpot.Serialization.Json\Naos.HubSpot.Serialization.Json.csproj", "{B5DCDD94-A083-4B8E-875B-AD9A101A4D6F}"
EndProject
Project("{2150E333-8FDC-42A3-9474-1A3956D46DE8}") = "Solution Items", "Solution Items", "{975EBABC-3048-4066-97F5-F60E0026C22B}"
	ProjectSection(SolutionItems) = preProject
		.gitignore = .gitignore
		LICENSE = LICENSE
		README.md = README.md
		RepoConfig.state = RepoConfig.state
	EndProjectSection
EndProject
Project("{FAE04EC0-301F-11D3-BF4B-00C04F79EFBC}") = "Naos.HubSpot.Protocol.Client", "Naos.HubSpot.Protocol.Client\Naos.HubSpot.Protocol.Client.csproj", "{17C44375-0093-49A1-8D77-36D52A08F12C}"
EndProject
Project("{FAE04EC0-301F-11D3-BF4B-00C04F79EFBC}") = "Naos.HubSpot.Protocol.Client.Test", "Naos.HubSpot.Protocol.Client.Test\Naos.HubSpot.Protocol.Client.Test.csproj", "{31E018CC-21D7-4E53-87C3-2D74AA78D348}"
EndProject
Global
	GlobalSection(SolutionConfigurationPlatforms) = preSolution
		Debug|Any CPU = Debug|Any CPU
		Release|Any CPU = Release|Any CPU
	EndGlobalSection
	GlobalSection(ProjectConfigurationPlatforms) = postSolution
		{CD74434E-28F6-48C4-8783-469E965839AC}.Debug|Any CPU.ActiveCfg = Debug|Any CPU
		{CD74434E-28F6-48C4-8783-469E965839AC}.Debug|Any CPU.Build.0 = Debug|Any CPU
		{CD74434E-28F6-48C4-8783-469E965839AC}.Release|Any CPU.ActiveCfg = Release|Any CPU
		{CD74434E-28F6-48C4-8783-469E965839AC}.Release|Any CPU.Build.0 = Release|Any CPU
		{47B59E9E-E6FE-4CCF-8A14-81F60F6A9AE8}.Debug|Any CPU.ActiveCfg = Debug|Any CPU
		{47B59E9E-E6FE-4CCF-8A14-81F60F6A9AE8}.Debug|Any CPU.Build.0 = Debug|Any CPU
		{47B59E9E-E6FE-4CCF-8A14-81F60F6A9AE8}.Release|Any CPU.ActiveCfg = Release|Any CPU
		{47B59E9E-E6FE-4CCF-8A14-81F60F6A9AE8}.Release|Any CPU.Build.0 = Release|Any CPU
		{BB8E5B7E-80B8-4BAD-9592-F121A08D12D5}.Debug|Any CPU.ActiveCfg = Debug|Any CPU
		{BB8E5B7E-80B8-4BAD-9592-F121A08D12D5}.Debug|Any CPU.Build.0 = Debug|Any CPU
		{BB8E5B7E-80B8-4BAD-9592-F121A08D12D5}.Release|Any CPU.ActiveCfg = Release|Any CPU
		{BB8E5B7E-80B8-4BAD-9592-F121A08D12D5}.Release|Any CPU.Build.0 = Release|Any CPU
		{B5DCDD94-A083-4B8E-875B-AD9A101A4D6F}.Debug|Any CPU.ActiveCfg = Debug|Any CPU
		{B5DCDD94-A083-4B8E-875B-AD9A101A4D6F}.Debug|Any CPU.Build.0 = Debug|Any CPU
		{B5DCDD94-A083-4B8E-875B-AD9A101A4D6F}.Release|Any CPU.ActiveCfg = Release|Any CPU
		{B5DCDD94-A083-4B8E-875B-AD9A101A4D6F}.Release|Any CPU.Build.0 = Release|Any CPU
		{17C44375-0093-49A1-8D77-36D52A08F12C}.Debug|Any CPU.ActiveCfg = Debug|Any CPU
		{17C44375-0093-49A1-8D77-36D52A08F12C}.Debug|Any CPU.Build.0 = Debug|Any CPU
		{17C44375-0093-49A1-8D77-36D52A08F12C}.Release|Any CPU.ActiveCfg = Release|Any CPU
		{17C44375-0093-49A1-8D77-36D52A08F12C}.Release|Any CPU.Build.0 = Release|Any CPU
		{31E018CC-21D7-4E53-87C3-2D74AA78D348}.Debug|Any CPU.ActiveCfg = Debug|Any CPU
		{31E018CC-21D7-4E53-87C3-2D74AA78D348}.Debug|Any CPU.Build.0 = Debug|Any CPU
		{31E018CC-21D7-4E53-87C3-2D74AA78D348}.Release|Any CPU.ActiveCfg = Release|Any CPU
		{31E018CC-21D7-4E53-87C3-2D74AA78D348}.Release|Any CPU.Build.0 = Release|Any CPU
	EndGlobalSection
	GlobalSection(SolutionProperties) = preSolution
		HideSolutionNode = FALSE
	EndGlobalSection
	GlobalSection(ExtensibilityGlobals) = postSolution
		SolutionGuid = {E0A661B3-F1BC-4885-B1EA-FBDBA05ED20F}
	EndGlobalSection
EndGlobal
